
Microsoft Visual Studio Solution File, Format Version 12.00
# Visual Studio 14
VisualStudioVersion = 14.0.25420.1
MinimumVisualStudioVersion = 10.0.40219.1
Project("{FAE04EC0-301F-11D3-BF4B-00C04F79EFBC}") = "Calculator", "Calculator\Calculator.csproj", "{A42E3694-1EFE-464C-9807-006AA7387A0E}"
EndProject
Project("{FAE04EC0-301F-11D3-BF4B-00C04F79EFBC}") = "Calculator.Console", "Calculator.Console\Calculator.Console.csproj", "{AE0AEEEE-30D1-437C-B644-190662EC8823}"
EndProject
Project("{FAE04EC0-301F-11D3-BF4B-00C04F79EFBC}") = "Calculator.Tests", "Calculator.Tests\Calculator.Tests.csproj", "{5A702E3A-0757-453D-88E7-7F65A4462BFB}"
EndProject
Global
	GlobalSection(SolutionConfigurationPlatforms) = preSolution
		Debug|Any CPU = Debug|Any CPU
		Release|Any CPU = Release|Any CPU
	EndGlobalSection
	GlobalSection(ProjectConfigurationPlatforms) = postSolution
		{A42E3694-1EFE-464C-9807-006AA7387A0E}.Debug|Any CPU.ActiveCfg = Debug|Any CPU
		{A42E3694-1EFE-464C-9807-006AA7387A0E}.Debug|Any CPU.Build.0 = Debug|Any CPU
		{A42E3694-1EFE-464C-9807-006AA7387A0E}.Release|Any CPU.ActiveCfg = Release|Any CPU
		{A42E3694-1EFE-464C-9807-006AA7387A0E}.Release|Any CPU.Build.0 = Release|Any CPU
		{AE0AEEEE-30D1-437C-B644-190662EC8823}.Debug|Any CPU.ActiveCfg = Debug|Any CPU
		{AE0AEEEE-30D1-437C-B644-190662EC8823}.Debug|Any CPU.Build.0 = Debug|Any CPU
		{AE0AEEEE-30D1-437C-B644-190662EC8823}.Release|Any CPU.ActiveCfg = Release|Any CPU
		{AE0AEEEE-30D1-437C-B644-190662EC8823}.Release|Any CPU.Build.0 = Release|Any CPU
		{5A702E3A-0757-453D-88E7-7F65A4462BFB}.Debug|Any CPU.ActiveCfg = Debug|Any CPU
		{5A702E3A-0757-453D-88E7-7F65A4462BFB}.Debug|Any CPU.Build.0 = Debug|Any CPU
		{5A702E3A-0757-453D-88E7-7F65A4462BFB}.Release|Any CPU.ActiveCfg = Release|Any CPU
		{5A702E3A-0757-453D-88E7-7F65A4462BFB}.Release|Any CPU.Build.0 = Release|Any CPU
	EndGlobalSection
	GlobalSection(SolutionProperties) = preSolution
		HideSolutionNode = FALSE
	EndGlobalSection
EndGlobal
